
Microsoft Visual Studio Solution File, Format Version 12.00
# Visual Studio 15
VisualStudioVersion = 15.0.27004.2009
MinimumVisualStudioVersion = 10.0.40219.1
Project("{9A19103F-16F7-4668-BE54-9A1E7A4F7556}") = "XamarinSamplePlayer", "XamarinSamplePlayer\XamarinSamplePlayer\XamarinSamplePlayer.csproj", "{57D937C3-8357-45EB-8B50-231557127FE3}"
EndProject
Project("{9A19103F-16F7-4668-BE54-9A1E7A4F7556}") = "XamarinSamplePlayer.Tizen.TV", "XamarinSamplePlayer\XamarinSamplePlayer.Tizen.TV\XamarinSamplePlayer.Tizen.TV.csproj", "{E09CD810-6629-45D3-90A2-C51FC2F50A5F}"
	ProjectSection(ProjectDependencies) = postProject
		{57D937C3-8357-45EB-8B50-231557127FE3} = {57D937C3-8357-45EB-8B50-231557127FE3}
	EndProjectSection
EndProject
Global
	GlobalSection(SolutionConfigurationPlatforms) = preSolution
		Debug|Any CPU = Debug|Any CPU
		Release|Any CPU = Release|Any CPU
	EndGlobalSection
	GlobalSection(ProjectConfigurationPlatforms) = postSolution
		{57D937C3-8357-45EB-8B50-231557127FE3}.Debug|Any CPU.ActiveCfg = Debug|Any CPU
		{57D937C3-8357-45EB-8B50-231557127FE3}.Debug|Any CPU.Build.0 = Debug|Any CPU
		{57D937C3-8357-45EB-8B50-231557127FE3}.Release|Any CPU.ActiveCfg = Release|Any CPU
		{57D937C3-8357-45EB-8B50-231557127FE3}.Release|Any CPU.Build.0 = Release|Any CPU
		{E09CD810-6629-45D3-90A2-C51FC2F50A5F}.Debug|Any CPU.ActiveCfg = Debug|Any CPU
		{E09CD810-6629-45D3-90A2-C51FC2F50A5F}.Debug|Any CPU.Build.0 = Debug|Any CPU
		{E09CD810-6629-45D3-90A2-C51FC2F50A5F}.Release|Any CPU.ActiveCfg = Release|Any CPU
		{E09CD810-6629-45D3-90A2-C51FC2F50A5F}.Release|Any CPU.Build.0 = Release|Any CPU
	EndGlobalSection
	GlobalSection(SolutionProperties) = preSolution
		HideSolutionNode = FALSE
	EndGlobalSection
	GlobalSection(ExtensibilityGlobals) = postSolution
		SolutionGuid = {88C3DC81-2A22-4B5F-B0A0-C5552C33CF0D}
	EndGlobalSection
EndGlobal
